
Microsoft Visual Studio Solution File, Format Version 12.00
# Visual Studio Version 17
VisualStudioVersion = 17.13.35825.156
MinimumVisualStudioVersion = 10.0.40219.1
Project("{FAE04EC0-301F-11D3-BF4B-00C04F79EFBC}") = "BulkyWeb", "BulkyWeb\BulkyWeb.csproj", "{34D722A2-9932-41D2-BE4F-A2EED6C6B33A}"
EndProject
Project("{FAE04EC0-301F-11D3-BF4B-00C04F79EFBC}") = "Bulky.DataAccess", "Bulky.DataAccess\Bulky.DataAccess.csproj", "{8753934D-4688-454C-8EB9-9138D40303C1}"
EndProject
Project("{FAE04EC0-301F-11D3-BF4B-00C04F79EFBC}") = "Bulky.Models", "Bulky.Models\Bulky.Models.csproj", "{4A798875-BA62-47BD-BBBC-C1B5F96EBB56}"
EndProject
Project("{FAE04EC0-301F-11D3-BF4B-00C04F79EFBC}") = "Bulky.Utility", "Bulky.Utility\Bulky.Utility.csproj", "{8610CE10-C6D8-4A24-979B-5FB6CCE8FB54}"
EndProject
Global
	GlobalSection(SolutionConfigurationPlatforms) = preSolution
		Debug|Any CPU = Debug|Any CPU
		Release|Any CPU = Release|Any CPU
	EndGlobalSection
	GlobalSection(ProjectConfigurationPlatforms) = postSolution
		{34D722A2-9932-41D2-BE4F-A2EED6C6B33A}.Debug|Any CPU.ActiveCfg = Debug|Any CPU
		{34D722A2-9932-41D2-BE4F-A2EED6C6B33A}.Debug|Any CPU.Build.0 = Debug|Any CPU
		{34D722A2-9932-41D2-BE4F-A2EED6C6B33A}.Release|Any CPU.ActiveCfg = Release|Any CPU
		{34D722A2-9932-41D2-BE4F-A2EED6C6B33A}.Release|Any CPU.Build.0 = Release|Any CPU
		{8753934D-4688-454C-8EB9-9138D40303C1}.Debug|Any CPU.ActiveCfg = Debug|Any CPU
		{8753934D-4688-454C-8EB9-9138D40303C1}.Debug|Any CPU.Build.0 = Debug|Any CPU
		{8753934D-4688-454C-8EB9-9138D40303C1}.Release|Any CPU.ActiveCfg = Release|Any CPU
		{8753934D-4688-454C-8EB9-9138D40303C1}.Release|Any CPU.Build.0 = Release|Any CPU
		{4A798875-BA62-47BD-BBBC-C1B5F96EBB56}.Debug|Any CPU.ActiveCfg = Debug|Any CPU
		{4A798875-BA62-47BD-BBBC-C1B5F96EBB56}.Debug|Any CPU.Build.0 = Debug|Any CPU
		{4A798875-BA62-47BD-BBBC-C1B5F96EBB56}.Release|Any CPU.ActiveCfg = Release|Any CPU
		{4A798875-BA62-47BD-BBBC-C1B5F96EBB56}.Release|Any CPU.Build.0 = Release|Any CPU
		{8610CE10-C6D8-4A24-979B-5FB6CCE8FB54}.Debug|Any CPU.ActiveCfg = Debug|Any CPU
		{8610CE10-C6D8-4A24-979B-5FB6CCE8FB54}.Debug|Any CPU.Build.0 = Debug|Any CPU
		{8610CE10-C6D8-4A24-979B-5FB6CCE8FB54}.Release|Any CPU.ActiveCfg = Release|Any CPU
		{8610CE10-C6D8-4A24-979B-5FB6CCE8FB54}.Release|Any CPU.Build.0 = Release|Any CPU
	EndGlobalSection
	GlobalSection(SolutionProperties) = preSolution
		HideSolutionNode = FALSE
	EndGlobalSection
	GlobalSection(ExtensibilityGlobals) = postSolution
		SolutionGuid = {D138D55F-5C4E-49C7-8915-B6DC4C26FE46}
	EndGlobalSection
EndGlobal
